---
mruby:
  version: 3.4.0
  release_no: 30400
builds:
  host:
    https://github.com/mame/mruby-gettimeofday.git:
      url: https://github.com/mame/mruby-gettimeofday.git
      branch: master
      commit: e56dfae3b52b487a9ff8b901ef52e893b93159ee
      version: 0.0.0
    https://github.com/iij/mruby-regexp-pcre.git:
      url: https://github.com/iij/mruby-regexp-pcre.git
      branch: master
      commit: 71bd16ba59239f04aefb73bb6d46d5b581f27b1b
      version: 0.0.0
